{
  "version": 4,
  "terraform_version": "0.12.20",
  "serial": 13,
  "lineage": "a55e89c5-4053-b222-ed00-6a661a0f8c35",
  "outputs": {},
  "resources": [
    {
      "mode": "managed",
      "type": "digitalocean_droplet",
      "name": "web1",
      "provider": "provider.digitalocean",
      "instances": [
        {
          "schema_version": 1,
          "attributes": {
            "backups": false,
            "created_at": "2020-02-13T16:48:21Z",
            "disk": 25,
            "id": "180322205",
            "image": "ubuntu-18-04-x64",
            "ipv4_address": "142.93.58.104",
            "ipv4_address_private": "10.136.106.174",
            "ipv6": false,
            "ipv6_address": "",
            "ipv6_address_private": null,
            "locked": false,
            "memory": 1024,
            "monitoring": false,
            "name": "web1",
            "price_hourly": 0.00744,
            "price_monthly": 5,
            "private_networking": true,
            "region": "nyc1",
            "resize_disk": true,
            "size": "s-1vcpu-1gb",
            "ssh_keys": [
              "c3:0d:e2:99:ee:11:f7:c4:b9:df:a5:a4:80:15:59:3f"
            ],
            "status": "active",
            "tags": null,
            "urn": "do:droplet:180322205",
            "user_data": "bfc412a149dfc7cc4391ac196bc485335e61b285",
            "vcpus": 1,
            "volume_ids": []
          },
          "private": "eyJzY2hlbWFfdmVyc2lvbiI6IjEifQ=="
        }
      ]
    },
    {
      "mode": "managed",
      "type": "digitalocean_droplet",
      "name": "web2",
      "provider": "provider.digitalocean",
      "instances": [
        {
          "schema_version": 1,
          "attributes": {
            "backups": false,
            "created_at": "2020-02-13T16:48:21Z",
            "disk": 25,
            "id": "180322208",
            "image": "ubuntu-18-04-x64",
            "ipv4_address": "159.203.188.152",
            "ipv4_address_private": "10.136.120.153",
            "ipv6": false,
            "ipv6_address": "",
            "ipv6_address_private": null,
            "locked": false,
            "memory": 1024,
            "monitoring": false,
            "name": "web2",
            "price_hourly": 0.00744,
            "price_monthly": 5,
            "private_networking": true,
            "region": "nyc1",
            "resize_disk": true,
            "size": "s-1vcpu-1gb",
            "ssh_keys": [
              "c3:0d:e2:99:ee:11:f7:c4:b9:df:a5:a4:80:15:59:3f"
            ],
            "status": "active",
            "tags": null,
            "urn": "do:droplet:180322208",
            "user_data": "bfc412a149dfc7cc4391ac196bc485335e61b285",
            "vcpus": 1,
            "volume_ids": []
          },
          "private": "eyJzY2hlbWFfdmVyc2lvbiI6IjEifQ=="
        }
      ]
    }
  ]
}
